
Microsoft Visual Studio Solution File, Format Version 12.00
# Visual Studio Version 17
VisualStudioVersion = 17.2.32519.379
MinimumVisualStudioVersion = 10.0.40219.1
Project("{FAE04EC0-301F-11D3-BF4B-00C04F79EFBC}") = "TP2", "TP2\TP2.csproj", "{3615ACF8-8B87-497D-BE7B-54431721FEA6}"
EndProject
Project("{FAE04EC0-301F-11D3-BF4B-00C04F79EFBC}") = "TP2Tests", "TP2Tests\TP2Tests.csproj", "{D7B90A2E-4B5E-4CC7-978B-1A4DD8D48740}"
EndProject
Global
	GlobalSection(SolutionConfigurationPlatforms) = preSolution
		Debug|Any CPU = Debug|Any CPU
		Release|Any CPU = Release|Any CPU
	EndGlobalSection
	GlobalSection(ProjectConfigurationPlatforms) = postSolution
		{3615ACF8-8B87-497D-BE7B-54431721FEA6}.Debug|Any CPU.ActiveCfg = Debug|Any CPU
		{3615ACF8-8B87-497D-BE7B-54431721FEA6}.Debug|Any CPU.Build.0 = Debug|Any CPU
		{3615ACF8-8B87-497D-BE7B-54431721FEA6}.Release|Any CPU.ActiveCfg = Release|Any CPU
		{3615ACF8-8B87-497D-BE7B-54431721FEA6}.Release|Any CPU.Build.0 = Release|Any CPU
		{D7B90A2E-4B5E-4CC7-978B-1A4DD8D48740}.Debug|Any CPU.ActiveCfg = Debug|Any CPU
		{D7B90A2E-4B5E-4CC7-978B-1A4DD8D48740}.Debug|Any CPU.Build.0 = Debug|Any CPU
		{D7B90A2E-4B5E-4CC7-978B-1A4DD8D48740}.Release|Any CPU.ActiveCfg = Release|Any CPU
		{D7B90A2E-4B5E-4CC7-978B-1A4DD8D48740}.Release|Any CPU.Build.0 = Release|Any CPU
	EndGlobalSection
	GlobalSection(SolutionProperties) = preSolution
		HideSolutionNode = FALSE
	EndGlobalSection
	GlobalSection(ExtensibilityGlobals) = postSolution
		SolutionGuid = {8F5A7CAA-051F-4B3D-9C5B-14ED56E4B103}
	EndGlobalSection
EndGlobal
